
Microsoft Visual Studio Solution File, Format Version 12.00
# Visual Studio Version 16
VisualStudioVersion = 16.0.28803.202
MinimumVisualStudioVersion = 10.0.40219.1
Project("{FAE04EC0-301F-11D3-BF4B-00C04F79EFBC}") = "Magazyn2019", "Magazyn2019\Magazyn2019.csproj", "{1E60D894-9561-4FF4-B682-96F4E9AACC44}"
EndProject
Global
	GlobalSection(SolutionConfigurationPlatforms) = preSolution
		Debug|Any CPU = Debug|Any CPU
		Release|Any CPU = Release|Any CPU
	EndGlobalSection
	GlobalSection(ProjectConfigurationPlatforms) = postSolution
		{1E60D894-9561-4FF4-B682-96F4E9AACC44}.Debug|Any CPU.ActiveCfg = Debug|Any CPU
		{1E60D894-9561-4FF4-B682-96F4E9AACC44}.Debug|Any CPU.Build.0 = Debug|Any CPU
		{1E60D894-9561-4FF4-B682-96F4E9AACC44}.Release|Any CPU.ActiveCfg = Release|Any CPU
		{1E60D894-9561-4FF4-B682-96F4E9AACC44}.Release|Any CPU.Build.0 = Release|Any CPU
	EndGlobalSection
	GlobalSection(SolutionProperties) = preSolution
		HideSolutionNode = FALSE
	EndGlobalSection
	GlobalSection(ExtensibilityGlobals) = postSolution
		SolutionGuid = {1E9FA355-4D59-4366-BE1B-101D163CC9D4}
	EndGlobalSection
EndGlobal
